<?xml version="1.0" encoding="utf-8"?>
<Project ToolsVersion="4.0" xmlns="http://schemas.microsoft.com/developer/msbuild/2003">
  <ItemGroup>
    <Filter Include="File di origine">
      <UniqueIdentifier>{4FC737F1-C7A5-4376-A066-2A32D752A2FF}</UniqueIdentifier>
      <Extensions>cpp;c;cc;cxx;def;odl;idl;hpj;bat;asm;asmx</Extensions>
    </Filter>
    <Filter Include="File di intestazione">
      <UniqueIdentifier>{93995380-89BD-4b04-88EB-625FBE52EBFB}</UniqueIdentifier>
      <Extensions>h;hh;hpp;hxx;hm;inl;inc;xsd</Extensions>
    </Filter>
    <Filter Include="File di risorse">
      <UniqueIdentifier>{67DA6AB6-F800-4c08-8B7A-83BB121AAD01}</UniqueIdentifier>
      <Extensions>rc;ico;cur;bmp;dlg;rc2;rct;bin;rgs;gif;jpg;jpeg;jpe;resx;tiff;tif;png;wav;mfcribbon-ms</Extensions>
    </Filter>
    <Filter Include="File di origine\Signature">
      <UniqueIdentifier>{e49c0b80-c506-4b75-9f2b-388140639f9d}</UniqueIdentifier>
    </Filter>
    <Filter Include="File di intestazione\Signature">
      <UniqueIdentifier>{4c5465b1-549d-4f19-83d1-0d2166bedb0b}</UniqueIdentifier>
    </Filter>
    <Filter Include="File di origine\InputOutput">
      <UniqueIdentifier>{a797dc4b-53fc-4812-8f24-da31c5644199}</UniqueIdentifier>
    </Filter>
    <Filter Include="File di intestazione\InputOutput">
      <UniqueIdentifier>{ecb40b21-3cc7-449b-ac9e-e0ec604fdb38}</UniqueIdentifier>
    </Filter>
    <Filter Include="File di intestazione\Test">
      <UniqueIdentifier>{d025b0a0-78f0-4af6-9383-313bbebf6596}</UniqueIdentifier>
    </Filter>
    <Filter Include="File di intestazione\stdafx">
      <UniqueIdentifier>{0d5513df-a4c4-41ab-8a63-4698bea40a4c}</UniqueIdentifier>
    </Filter>
    <Filter Include="File di origine\Test">
      <UniqueIdentifier>{bfc74065-7f18-408a-8417-a93b2a228866}</UniqueIdentifier>
    </Filter>
  </ItemGroup>
  <ItemGroup>
    <ClInclude Include="targetver.h">
      <Filter>File di intestazione</Filter>
    </ClInclude>
    <ClInclude Include="resource.h">
      <Filter>File di intestazione</Filter>
    </ClInclude>
    <ClInclude Include="User.h">
      <Filter>File di intestazione</Filter>
    </ClInclude>
    <ClInclude Include="SVMConnector.h">
      <Filter>File di intestazione</Filter>
    </ClInclude>
    <ClInclude Include="Signature\Signature.h">
      <Filter>File di intestazione\Signature</Filter>
    </ClInclude>
    <ClInclude Include="Signature\Instant.h">
      <Filter>File di intestazione\Signature</Filter>
    </ClInclude>
    <ClInclude Include="InputOutput\DBConnector.h">
      <Filter>File di intestazione\InputOutput</Filter>
    </ClInclude>
    <ClInclude Include="InputOutput\FileInput.h">
      <Filter>File di intestazione\InputOutput</Filter>
    </ClInclude>
    <ClInclude Include="Test\UserTest.h">
      <Filter>File di intestazione\Test</Filter>
    </ClInclude>
    <ClInclude Include="Test\InstantTest.h">
      <Filter>File di intestazione\Test</Filter>
    </ClInclude>
    <ClInclude Include="Test\FileInputTest.h">
      <Filter>File di intestazione\Test</Filter>
    </ClInclude>
    <ClInclude Include="Test\DBConnectorTest.h">
      <Filter>File di intestazione\Test</Filter>
    </ClInclude>
    <ClInclude Include="InputOutput\stdafx.h">
      <Filter>File di intestazione\stdafx</Filter>
    </ClInclude>
    <ClInclude Include="stdafx.h">
      <Filter>File di intestazione\stdafx</Filter>
    </ClInclude>
    <ClInclude Include="Test\stdafx.h">
      <Filter>File di intestazione\stdafx</Filter>
    </ClInclude>
    <ClInclude Include="Signature\stdafx.h">
      <Filter>File di intestazione\stdafx</Filter>
    </ClInclude>
  </ItemGroup>
  <ItemGroup>
    <ClCompile Include="stdafx.cpp">
      <Filter>File di origine</Filter>
    </ClCompile>
    <ClCompile Include="progettoSicurezzaSV.cpp">
      <Filter>File di origine</Filter>
    </ClCompile>
    <ClCompile Include="User.cpp">
      <Filter>File di origine</Filter>
    </ClCompile>
    <ClCompile Include="SVMConnector.cpp">
      <Filter>File di origine</Filter>
    </ClCompile>
    <ClCompile Include="InputOutput\DBConnector.cpp">
      <Filter>File di origine\InputOutput</Filter>
    </ClCompile>
    <ClCompile Include="InputOutput\FileInput.cpp">
      <Filter>File di origine\InputOutput</Filter>
    </ClCompile>
    <ClCompile Include="Test\DBConnectorTest.cpp">
      <Filter>File di origine\Test</Filter>
    </ClCompile>
    <ClCompile Include="Test\FileInputTest.cpp">
      <Filter>File di origine\Test</Filter>
    </ClCompile>
    <ClCompile Include="Test\InstantTest.cpp">
      <Filter>File di origine\Test</Filter>
    </ClCompile>
    <ClCompile Include="Test\UserTest.cpp">
      <Filter>File di origine\Test</Filter>
    </ClCompile>
    <ClCompile Include="Signature\Instant.cpp">
      <Filter>File di origine\Signature</Filter>
    </ClCompile>
    <ClCompile Include="Signature\Signature.cpp">
      <Filter>File di origine\Signature</Filter>
    </ClCompile>
  </ItemGroup>
  <ItemGroup>
    <ResourceCompile Include="progettoSicurezzaSV.rc">
      <Filter>File di risorse</Filter>
    </ResourceCompile>
  </ItemGroup>
  <ItemGroup>
    <None Include="progettoSicurezzaSV.aps" />
  </ItemGroup>
</Project>